
Microsoft Visual Studio Solution File, Format Version 12.00
# Visual Studio Version 17
VisualStudioVersion = 17.7.34003.232
MinimumVisualStudioVersion = 10.0.40219.1
Project("{9A19103F-16F7-4668-BE54-9A1E7A4F7556}") = "CapaDatos", "CapaDatos\CapaDatos.csproj", "{A721A3B3-B4EB-4B6A-B173-5313587E215F}"
EndProject
Project("{9A19103F-16F7-4668-BE54-9A1E7A4F7556}") = "CapaNegocio", "CapaNegocio\CapaNegocio.csproj", "{48D2555F-C7B7-4E44-A76F-F6C3A53838A7}"
EndProject
Project("{9A19103F-16F7-4668-BE54-9A1E7A4F7556}") = "CapaPresentacion", "CapaPresentacion\CapaPresentacion.csproj", "{97C5ED0F-E246-4B4E-A30A-73A0E2E4D60C}"
EndProject
Global
	GlobalSection(SolutionConfigurationPlatforms) = preSolution
		Debug|Any CPU = Debug|Any CPU
		Release|Any CPU = Release|Any CPU
	EndGlobalSection
	GlobalSection(ProjectConfigurationPlatforms) = postSolution
		{A721A3B3-B4EB-4B6A-B173-5313587E215F}.Debug|Any CPU.ActiveCfg = Debug|Any CPU
		{A721A3B3-B4EB-4B6A-B173-5313587E215F}.Debug|Any CPU.Build.0 = Debug|Any CPU
		{A721A3B3-B4EB-4B6A-B173-5313587E215F}.Release|Any CPU.ActiveCfg = Release|Any CPU
		{A721A3B3-B4EB-4B6A-B173-5313587E215F}.Release|Any CPU.Build.0 = Release|Any CPU
		{48D2555F-C7B7-4E44-A76F-F6C3A53838A7}.Debug|Any CPU.ActiveCfg = Debug|Any CPU
		{48D2555F-C7B7-4E44-A76F-F6C3A53838A7}.Debug|Any CPU.Build.0 = Debug|Any CPU
		{48D2555F-C7B7-4E44-A76F-F6C3A53838A7}.Release|Any CPU.ActiveCfg = Release|Any CPU
		{48D2555F-C7B7-4E44-A76F-F6C3A53838A7}.Release|Any CPU.Build.0 = Release|Any CPU
		{97C5ED0F-E246-4B4E-A30A-73A0E2E4D60C}.Debug|Any CPU.ActiveCfg = Debug|Any CPU
		{97C5ED0F-E246-4B4E-A30A-73A0E2E4D60C}.Debug|Any CPU.Build.0 = Debug|Any CPU
		{97C5ED0F-E246-4B4E-A30A-73A0E2E4D60C}.Release|Any CPU.ActiveCfg = Release|Any CPU
		{97C5ED0F-E246-4B4E-A30A-73A0E2E4D60C}.Release|Any CPU.Build.0 = Release|Any CPU
	EndGlobalSection
	GlobalSection(SolutionProperties) = preSolution
		HideSolutionNode = FALSE
	EndGlobalSection
	GlobalSection(ExtensibilityGlobals) = postSolution
		SolutionGuid = {ABC21586-90D8-45B4-A507-BAE77BAB86A5}
	EndGlobalSection
EndGlobal
